// !$*UTF8*$!
{
	archiveVersion = 1;
	classes = {
	};
	objectVersion = 46;
	objects = {

/* Begin PBXBuildFile section */
		6701D629178C8F3C00198683 /* LITEvent.m in Sources */ = {isa = PBXBuildFile; fileRef = 6701D628178C8F3C00198683 /* LITEvent.m */; };
		6701D635178C9CA200198683 /* downArrowBlack.png in Resources */ = {isa = PBXBuildFile; fileRef = 6701D633178C9CA200198683 /* downArrowBlack.png */; };
		6701D636178C9CA200198683 /* upArrowBlack.png in Resources */ = {isa = PBXBuildFile; fileRef = 6701D634178C9CA200198683 /* upArrowBlack.png */; };
		6703627F178C74EA00836DCE /* meal_large.png in Resources */ = {isa = PBXBuildFile; fileRef = 6703627D178C74EA00836DCE /* meal_large.png */; };
		67036280178C74EA00836DCE /* meal_large@2x.png in Resources */ = {isa = PBXBuildFile; fileRef = 6703627E178C74EA00836DCE /* meal_large@2x.png */; };
		67036284178C75FE00836DCE /* LITAddWorkoutViewController.m in Sources */ = {isa = PBXBuildFile; fileRef = 67036282178C75FE00836DCE /* LITAddWorkoutViewController.m */; };
		67036285178C75FE00836DCE /* LITAddWorkoutViewController.xib in Resources */ = {isa = PBXBuildFile; fileRef = 67036283178C75FE00836DCE /* LITAddWorkoutViewController.xib */; };
		67036289178C763400836DCE /* LITAddMealViewController.m in Sources */ = {isa = PBXBuildFile; fileRef = 67036287178C763300836DCE /* LITAddMealViewController.m */; };
		6703628A178C763400836DCE /* LITAddMealViewController.xib in Resources */ = {isa = PBXBuildFile; fileRef = 67036288178C763300836DCE /* LITAddMealViewController.xib */; };
		6703628D178C766100836DCE /* LITPersonManager.m in Sources */ = {isa = PBXBuildFile; fileRef = 6703628C178C766100836DCE /* LITPersonManager.m */; };
		670E7BC1178C70E00053BD68 /* workout_large.png in Resources */ = {isa = PBXBuildFile; fileRef = 670E7BBD178C70E00053BD68 /* workout_large.png */; };
		670E7BC2178C70E00053BD68 /* workout_large@2x.png in Resources */ = {isa = PBXBuildFile; fileRef = 670E7BBE178C70E00053BD68 /* workout_large@2x.png */; };
		677F99921779A4B900D42449 /* UIKit.framework in Frameworks */ = {isa = PBXBuildFile; fileRef = 677F99911779A4B900D42449 /* UIKit.framework */; };
		677F99941779A4B900D42449 /* Foundation.framework in Frameworks */ = {isa = PBXBuildFile; fileRef = 677F99931779A4B900D42449 /* Foundation.framework */; };
		677F99961779A4B900D42449 /* CoreGraphics.framework in Frameworks */ = {isa = PBXBuildFile; fileRef = 677F99951779A4B900D42449 /* CoreGraphics.framework */; };
		677F999E1779A4B900D42449 /* main.m in Sources */ = {isa = PBXBuildFile; fileRef = 677F999D1779A4B900D42449 /* main.m */; };
		677F99DF1779A5ED00D42449 /* InfoPlist.strings in Resources */ = {isa = PBXBuildFile; fileRef = 677F99CD1779A5ED00D42449 /* InfoPlist.strings */; };
		677F99E21779A5ED00D42449 /* Default-568h@2x.png in Resources */ = {isa = PBXBuildFile; fileRef = 677F99D41779A5ED00D42449 /* Default-568h@2x.png */; };
		677F99E31779A5ED00D42449 /* Default.png in Resources */ = {isa = PBXBuildFile; fileRef = 677F99D51779A5ED00D42449 /* Default.png */; };
		677F99E41779A5ED00D42449 /* Default@2x.png in Resources */ = {isa = PBXBuildFile; fileRef = 677F99D61779A5ED00D42449 /* Default@2x.png */; };
		677F99F91779A68A00D42449 /* LITAppDelegate.m in Sources */ = {isa = PBXBuildFile; fileRef = 677F99EF1779A68A00D42449 /* LITAppDelegate.m */; };
		677F99FE1779A6A900D42449 /* LITBaseViewController.m in Sources */ = {isa = PBXBuildFile; fileRef = 677F99FD1779A6A900D42449 /* LITBaseViewController.m */; };
		677F9A041779A74100D42449 /* LITPersonalFileViewController.m in Sources */ = {isa = PBXBuildFile; fileRef = 677F9A021779A74100D42449 /* LITPersonalFileViewController.m */; };
		677F9A051779A74100D42449 /* LITPersonalFileViewController.xib in Resources */ = {isa = PBXBuildFile; fileRef = 677F9A031779A74100D42449 /* LITPersonalFileViewController.xib */; };
		677F9A111779AC1800D42449 /* alcohol.png in Resources */ = {isa = PBXBuildFile; fileRef = 677F9A071779AC1800D42449 /* alcohol.png */; };
		677F9A121779AC1800D42449 /* alcohol@2x.png in Resources */ = {isa = PBXBuildFile; fileRef = 677F9A081779AC1800D42449 /* alcohol@2x.png */; };
		677F9A131779AC1800D42449 /* caloric_scale.png in Resources */ = {isa = PBXBuildFile; fileRef = 677F9A091779AC1800D42449 /* caloric_scale.png */; };
		677F9A141779AC1800D42449 /* caloric_scale@2x.png in Resources */ = {isa = PBXBuildFile; fileRef = 677F9A0A1779AC1800D42449 /* caloric_scale@2x.png */; };
		677F9A151779AC1800D42449 /* med_dex.png in Resources */ = {isa = PBXBuildFile; fileRef = 677F9A0B1779AC1800D42449 /* med_dex.png */; };
		677F9A161779AC1800D42449 /* med_dex@2x.png in Resources */ = {isa = PBXBuildFile; fileRef = 677F9A0C1779AC1800D42449 /* med_dex@2x.png */; };
		677F9A171779AC1800D42449 /* personal_file.png in Resources */ = {isa = PBXBuildFile; fileRef = 677F9A0D1779AC1800D42449 /* personal_file.png */; };
		677F9A181779AC1800D42449 /* personal_file@2x.png in Resources */ = {isa = PBXBuildFile; fileRef = 677F9A0E1779AC1800D42449 /* personal_file@2x.png */; };
		677F9A191779AC1800D42449 /* settings.png in Resources */ = {isa = PBXBuildFile; fileRef = 677F9A0F1779AC1800D42449 /* settings.png */; };
		677F9A1A1779AC1800D42449 /* settings@2x.png in Resources */ = {isa = PBXBuildFile; fileRef = 677F9A101779AC1800D42449 /* settings@2x.png */; };
		67855BB91782CFF700DA05C1 /* LITEditPersonViewController.m in Sources */ = {isa = PBXBuildFile; fileRef = 67855BB71782CFF700DA05C1 /* LITEditPersonViewController.m */; };
		67855BBA1782CFF700DA05C1 /* LITEditPersonViewController.xib in Resources */ = {isa = PBXBuildFile; fileRef = 67855BB81782CFF700DA05C1 /* LITEditPersonViewController.xib */; };
		67855BBD1782D41900DA05C1 /* LITInputTableViewCell.m in Sources */ = {isa = PBXBuildFile; fileRef = 67855BBC1782D41900DA05C1 /* LITInputTableViewCell.m */; };
		679F2C061782B2D000E7682C /* Icon.png in Resources */ = {isa = PBXBuildFile; fileRef = 679F2C021782B2D000E7682C /* Icon.png */; };
		679F2C071782B2D000E7682C /* Icon@2x.png in Resources */ = {isa = PBXBuildFile; fileRef = 679F2C031782B2D000E7682C /* Icon@2x.png */; };
		679F2C081782B2D000E7682C /* icon512x512.png in Resources */ = {isa = PBXBuildFile; fileRef = 679F2C041782B2D000E7682C /* icon512x512.png */; };
		679F2C091782B2D000E7682C /* icon1024x1024.png in Resources */ = {isa = PBXBuildFile; fileRef = 679F2C051782B2D000E7682C /* icon1024x1024.png */; };
		679F2C101782BC9E00E7682C /* meal.png in Resources */ = {isa = PBXBuildFile; fileRef = 679F2C0E1782BC9E00E7682C /* meal.png */; };
		679F2C111782BC9E00E7682C /* meal@2x.png in Resources */ = {isa = PBXBuildFile; fileRef = 679F2C0F1782BC9E00E7682C /* meal@2x.png */; };
		679F2C141782BE4B00E7682C /* workout.png in Resources */ = {isa = PBXBuildFile; fileRef = 679F2C121782BE4B00E7682C /* workout.png */; };
		679F2C151782BE4B00E7682C /* workout@2x.png in Resources */ = {isa = PBXBuildFile; fileRef = 679F2C131782BE4B00E7682C /* workout@2x.png */; };
		679F2C181782C6E100E7682C /* LITPerson.m in Sources */ = {isa = PBXBuildFile; fileRef = 679F2C171782C6E100E7682C /* LITPerson.m */; };
		679F2C1B1782C9AF00E7682C /* LITDataManager.m in Sources */ = {isa = PBXBuildFile; fileRef = 679F2C1A1782C9AF00E7682C /* LITDataManager.m */; };
		67A77C941790391500D9C1CC /* LITRuffierViewController.m in Sources */ = {isa = PBXBuildFile; fileRef = 67A77C921790391500D9C1CC /* LITRuffierViewController.m */; };
		67A77C951790391500D9C1CC /* LITRuffierViewController.xib in Resources */ = {isa = PBXBuildFile; fileRef = 67A77C931790391500D9C1CC /* LITRuffierViewController.xib */; };
		67A77C9D1790474500D9C1CC /* daltonism_1.png in Resources */ = {isa = PBXBuildFile; fileRef = 67A77C971790474500D9C1CC /* daltonism_1.png */; };
		67A77C9E1790474500D9C1CC /* daltonism_2.png in Resources */ = {isa = PBXBuildFile; fileRef = 67A77C981790474500D9C1CC /* daltonism_2.png */; };
		67A77C9F1790474500D9C1CC /* daltonism_3.png in Resources */ = {isa = PBXBuildFile; fileRef = 67A77C991790474500D9C1CC /* daltonism_3.png */; };
		67A77CA01790474500D9C1CC /* daltonism_4.png in Resources */ = {isa = PBXBuildFile; fileRef = 67A77C9A1790474500D9C1CC /* daltonism_4.png */; };
		67A77CA11790474500D9C1CC /* daltonism_5.png in Resources */ = {isa = PBXBuildFile; fileRef = 67A77C9B1790474500D9C1CC /* daltonism_5.png */; };
		67A77CA21790474500D9C1CC /* daltonism_6.png in Resources */ = {isa = PBXBuildFile; fileRef = 67A77C9C1790474500D9C1CC /* daltonism_6.png */; };
		67A77CA61790475700D9C1CC /* LITDaltonismTestViewController.m in Sources */ = {isa = PBXBuildFile; fileRef = 67A77CA41790475700D9C1CC /* LITDaltonismTestViewController.m */; };
		67A77CA71790475700D9C1CC /* LITDaltonismTestViewController.xib in Resources */ = {isa = PBXBuildFile; fileRef = 67A77CA51790475700D9C1CC /* LITDaltonismTestViewController.xib */; };
		67AC89111781B95100373159 /* LITMedicalDictionaryViewController.m in Sources */ = {isa = PBXBuildFile; fileRef = 67AC890F1781B95000373159 /* LITMedicalDictionaryViewController.m */; };
		67AC89121781B95100373159 /* LITMedicalDictionaryViewController.xib in Resources */ = {isa = PBXBuildFile; fileRef = 67AC89101781B95000373159 /* LITMedicalDictionaryViewController.xib */; };
		67AC89161781B9EB00373159 /* LITAlcoholTestViewController.m in Sources */ = {isa = PBXBuildFile; fileRef = 67AC89141781B9EB00373159 /* LITAlcoholTestViewController.m */; };
		67AC89171781B9EB00373159 /* LITAlcoholTestViewController.xib in Resources */ = {isa = PBXBuildFile; fileRef = 67AC89151781B9EB00373159 /* LITAlcoholTestViewController.xib */; };
		67AC891B1781BA8D00373159 /* LITCalorieCalculatorViewController.m in Sources */ = {isa = PBXBuildFile; fileRef = 67AC89191781BA8D00373159 /* LITCalorieCalculatorViewController.m */; };
		67AC891C1781BA8D00373159 /* LITCalorieCalculatorViewController.xib in Resources */ = {isa = PBXBuildFile; fileRef = 67AC891A1781BA8D00373159 /* LITCalorieCalculatorViewController.xib */; };
		67AC89201781BB3800373159 /* LITSettingsViewController.m in Sources */ = {isa = PBXBuildFile; fileRef = 67AC891E1781BB3600373159 /* LITSettingsViewController.m */; };
		67AC89211781BB3800373159 /* LITSettingsViewController.xib in Resources */ = {isa = PBXBuildFile; fileRef = 67AC891F1781BB3700373159 /* LITSettingsViewController.xib */; };
		67B0EC1F178435D500ECB143 /* dict.png in Resources */ = {isa = PBXBuildFile; fileRef = 67B0EC1D178435D500ECB143 /* dict.png */; };
		67B0EC20178435D500ECB143 /* dict@2x.png in Resources */ = {isa = PBXBuildFile; fileRef = 67B0EC1E178435D500ECB143 /* dict@2x.png */; };
		67B0EC241784360900ECB143 /* LITFirstAidViewController.m in Sources */ = {isa = PBXBuildFile; fileRef = 67B0EC221784360800ECB143 /* LITFirstAidViewController.m */; };
		67B0EC251784360900ECB143 /* LITFirstAidViewController.xib in Resources */ = {isa = PBXBuildFile; fileRef = 67B0EC231784360800ECB143 /* LITFirstAidViewController.xib */; };
/* End PBXBuildFile section */

/* Begin PBXFileReference section */
		6701D627178C8F3C00198683 /* LITEvent.h */ = {isa = PBXFileReference; fileEncoding = 4; lastKnownFileType = sourcecode.c.h; path = LITEvent.h; sourceTree = "<group>"; };
		6701D628178C8F3C00198683 /* LITEvent.m */ = {isa = PBXFileReference; fileEncoding = 4; lastKnownFileType = sourcecode.c.objc; path = LITEvent.m; sourceTree = "<group>"; };
		6701D633178C9CA200198683 /* downArrowBlack.png */ = {isa = PBXFileReference; lastKnownFileType = image.png; path = downArrowBlack.png; sourceTree = "<group>"; };
		6701D634178C9CA200198683 /* upArrowBlack.png */ = {isa = PBXFileReference; lastKnownFileType = image.png; path = upArrowBlack.png; sourceTree = "<group>"; };
		6703627D178C74EA00836DCE /* meal_large.png */ = {isa = PBXFileReference; lastKnownFileType = image.png; name = meal_large.png; path = LITTech/Resources/Images/meal_large.png; sourceTree = SOURCE_ROOT; };
		6703627E178C74EA00836DCE /* meal_large@2x.png */ = {isa = PBXFileReference; lastKnownFileType = image.png; name = "meal_large@2x.png"; path = "LITTech/Resources/Images/meal_large@2x.png"; sourceTree = SOURCE_ROOT; };
		67036281178C75FE00836DCE /* LITAddWorkoutViewController.h */ = {isa = PBXFileReference; fileEncoding = 4; lastKnownFileType = sourcecode.c.h; path = LITAddWorkoutViewController.h; sourceTree = "<group>"; };
		67036282178C75FE00836DCE /* LITAddWorkoutViewController.m */ = {isa = PBXFileReference; fileEncoding = 4; lastKnownFileType = sourcecode.c.objc; path = LITAddWorkoutViewController.m; sourceTree = "<group>"; };
		67036283178C75FE00836DCE /* LITAddWorkoutViewController.xib */ = {isa = PBXFileReference; fileEncoding = 4; lastKnownFileType = file.xib; path = LITAddWorkoutViewController.xib; sourceTree = "<group>"; };
		67036286178C763300836DCE /* LITAddMealViewController.h */ = {isa = PBXFileReference; fileEncoding = 4; lastKnownFileType = sourcecode.c.h; path = LITAddMealViewController.h; sourceTree = "<group>"; };
		67036287178C763300836DCE /* LITAddMealViewController.m */ = {isa = PBXFileReference; fileEncoding = 4; lastKnownFileType = sourcecode.c.objc; path = LITAddMealViewController.m; sourceTree = "<group>"; };
		67036288178C763300836DCE /* LITAddMealViewController.xib */ = {isa = PBXFileReference; fileEncoding = 4; lastKnownFileType = file.xib; path = LITAddMealViewController.xib; sourceTree = "<group>"; };
		6703628B178C766100836DCE /* LITPersonManager.h */ = {isa = PBXFileReference; fileEncoding = 4; lastKnownFileType = sourcecode.c.h; path = LITPersonManager.h; sourceTree = "<group>"; };
		6703628C178C766100836DCE /* LITPersonManager.m */ = {isa = PBXFileReference; fileEncoding = 4; lastKnownFileType = sourcecode.c.objc; path = LITPersonManager.m; sourceTree = "<group>"; };
		670E7BBD178C70E00053BD68 /* workout_large.png */ = {isa = PBXFileReference; lastKnownFileType = image.png; path = workout_large.png; sourceTree = "<group>"; };
		670E7BBE178C70E00053BD68 /* workout_large@2x.png */ = {isa = PBXFileReference; lastKnownFileType = image.png; path = "workout_large@2x.png"; sourceTree = "<group>"; };
		677F998E1779A4B900D42449 /* LITTech.app */ = {isa = PBXFileReference; explicitFileType = wrapper.application; includeInIndex = 0; path = LITTech.app; sourceTree = BUILT_PRODUCTS_DIR; };
		677F99911779A4B900D42449 /* UIKit.framework */ = {isa = PBXFileReference; lastKnownFileType = wrapper.framework; name = UIKit.framework; path = System/Library/Frameworks/UIKit.framework; sourceTree = SDKROOT; };
		677F99931779A4B900D42449 /* Foundation.framework */ = {isa = PBXFileReference; lastKnownFileType = wrapper.framework; name = Foundation.framework; path = System/Library/Frameworks/Foundation.framework; sourceTree = SDKROOT; };
		677F99951779A4B900D42449 /* CoreGraphics.framework */ = {isa = PBXFileReference; lastKnownFileType = wrapper.framework; name = CoreGraphics.framework; path = System/Library/Frameworks/CoreGraphics.framework; sourceTree = SDKROOT; };
		677F999D1779A4B900D42449 /* main.m */ = {isa = PBXFileReference; lastKnownFileType = sourcecode.c.objc; path = main.m; sourceTree = "<group>"; };
		677F999F1779A4B900D42449 /* LITTech-Prefix.pch */ = {isa = PBXFileReference; lastKnownFileType = sourcecode.c.h; path = "LITTech-Prefix.pch"; sourceTree = "<group>"; };
		677F99CE1779A5ED00D42449 /* en */ = {isa = PBXFileReference; lastKnownFileType = text.plist.strings; name = en; path = en.lproj/InfoPlist.strings; sourceTree = "<group>"; };
		677F99D41779A5ED00D42449 /* Default-568h@2x.png */ = {isa = PBXFileReference; lastKnownFileType = image.png; path = "Default-568h@2x.png"; sourceTree = "<group>"; };
		677F99D51779A5ED00D42449 /* Default.png */ = {isa = PBXFileReference; lastKnownFileType = image.png; path = Default.png; sourceTree = "<group>"; };
		677F99D61779A5ED00D42449 /* Default@2x.png */ = {isa = PBXFileReference; lastKnownFileType = image.png; path = "Default@2x.png"; sourceTree = "<group>"; };
		677F99DE1779A5ED00D42449 /* LITTech-Info.plist */ = {isa = PBXFileReference; fileEncoding = 4; lastKnownFileType = text.plist.xml; path = "LITTech-Info.plist"; sourceTree = "<group>"; };
		677F99EE1779A68A00D42449 /* LITAppDelegate.h */ = {isa = PBXFileReference; fileEncoding = 4; lastKnownFileType = sourcecode.c.h; path = LITAppDelegate.h; sourceTree = "<group>"; };
		677F99EF1779A68A00D42449 /* LITAppDelegate.m */ = {isa = PBXFileReference; fileEncoding = 4; lastKnownFileType = sourcecode.c.objc; path = LITAppDelegate.m; sourceTree = "<group>"; };
		677F99FC1779A6A900D42449 /* LITBaseViewController.h */ = {isa = PBXFileReference; fileEncoding = 4; lastKnownFileType = sourcecode.c.h; path = LITBaseViewController.h; sourceTree = "<group>"; };
		677F99FD1779A6A900D42449 /* LITBaseViewController.m */ = {isa = PBXFileReference; fileEncoding = 4; lastKnownFileType = sourcecode.c.objc; path = LITBaseViewController.m; sourceTree = "<group>"; };
		677F9A011779A74100D42449 /* LITPersonalFileViewController.h */ = {isa = PBXFileReference; fileEncoding = 4; lastKnownFileType = sourcecode.c.h; path = LITPersonalFileViewController.h; sourceTree = "<group>"; };
		677F9A021779A74100D42449 /* LITPersonalFileViewController.m */ = {isa = PBXFileReference; fileEncoding = 4; lastKnownFileType = sourcecode.c.objc; path = LITPersonalFileViewController.m; sourceTree = "<group>"; };
		677F9A031779A74100D42449 /* LITPersonalFileViewController.xib */ = {isa = PBXFileReference; fileEncoding = 4; lastKnownFileType = file.xib; path = LITPersonalFileViewController.xib; sourceTree = "<group>"; };
		677F9A071779AC1800D42449 /* alcohol.png */ = {isa = PBXFileReference; lastKnownFileType = image.png; path = alcohol.png; sourceTree = "<group>"; };
		677F9A081779AC1800D42449 /* alcohol@2x.png */ = {isa = PBXFileReference; lastKnownFileType = image.png; path = "alcohol@2x.png"; sourceTree = "<group>"; };
		677F9A091779AC1800D42449 /* caloric_scale.png */ = {isa = PBXFileReference; lastKnownFileType = image.png; path = caloric_scale.png; sourceTree = "<group>"; };
		677F9A0A1779AC1800D42449 /* caloric_scale@2x.png */ = {isa = PBXFileReference; lastKnownFileType = image.png; path = "caloric_scale@2x.png"; sourceTree = "<group>"; };
		677F9A0B1779AC1800D42449 /* med_dex.png */ = {isa = PBXFileReference; lastKnownFileType = image.png; path = med_dex.png; sourceTree = "<group>"; };
		677F9A0C1779AC1800D42449 /* med_dex@2x.png */ = {isa = PBXFileReference; lastKnownFileType = image.png; path = "med_dex@2x.png"; sourceTree = "<group>"; };
		677F9A0D1779AC1800D42449 /* personal_file.png */ = {isa = PBXFileReference; lastKnownFileType = image.png; path = personal_file.png; sourceTree = "<group>"; };
		677F9A0E1779AC1800D42449 /* personal_file@2x.png */ = {isa = PBXFileReference; lastKnownFileType = image.png; path = "personal_file@2x.png"; sourceTree = "<group>"; };
		677F9A0F1779AC1800D42449 /* settings.png */ = {isa = PBXFileReference; lastKnownFileType = image.png; path = settings.png; sourceTree = "<group>"; };
		677F9A101779AC1800D42449 /* settings@2x.png */ = {isa = PBXFileReference; lastKnownFileType = image.png; path = "settings@2x.png"; sourceTree = "<group>"; };
		67855BB61782CFF700DA05C1 /* LITEditPersonViewController.h */ = {isa = PBXFileReference; fileEncoding = 4; lastKnownFileType = sourcecode.c.h; path = LITEditPersonViewController.h; sourceTree = "<group>"; };
		67855BB71782CFF700DA05C1 /* LITEditPersonViewController.m */ = {isa = PBXFileReference; fileEncoding = 4; lastKnownFileType = sourcecode.c.objc; path = LITEditPersonViewController.m; sourceTree = "<group>"; };
		67855BB81782CFF700DA05C1 /* LITEditPersonViewController.xib */ = {isa = PBXFileReference; fileEncoding = 4; lastKnownFileType = file.xib; path = LITEditPersonViewController.xib; sourceTree = "<group>"; };
		67855BBB1782D41900DA05C1 /* LITInputTableViewCell.h */ = {isa = PBXFileReference; fileEncoding = 4; lastKnownFileType = sourcecode.c.h; path = LITInputTableViewCell.h; sourceTree = "<group>"; };
		67855BBC1782D41900DA05C1 /* LITInputTableViewCell.m */ = {isa = PBXFileReference; fileEncoding = 4; lastKnownFileType = sourcecode.c.objc; path = LITInputTableViewCell.m; sourceTree = "<group>"; };
		679F2C021782B2D000E7682C /* Icon.png */ = {isa = PBXFileReference; lastKnownFileType = image.png; path = Icon.png; sourceTree = "<group>"; };
		679F2C031782B2D000E7682C /* Icon@2x.png */ = {isa = PBXFileReference; lastKnownFileType = image.png; path = "Icon@2x.png"; sourceTree = "<group>"; };
		679F2C041782B2D000E7682C /* icon512x512.png */ = {isa = PBXFileReference; lastKnownFileType = image.png; path = icon512x512.png; sourceTree = "<group>"; };
		679F2C051782B2D000E7682C /* icon1024x1024.png */ = {isa = PBXFileReference; lastKnownFileType = image.png; path = icon1024x1024.png; sourceTree = "<group>"; };
		679F2C0E1782BC9E00E7682C /* meal.png */ = {isa = PBXFileReference; lastKnownFileType = image.png; path = meal.png; sourceTree = "<group>"; };
		679F2C0F1782BC9E00E7682C /* meal@2x.png */ = {isa = PBXFileReference; lastKnownFileType = image.png; path = "meal@2x.png"; sourceTree = "<group>"; };
		679F2C121782BE4B00E7682C /* workout.png */ = {isa = PBXFileReference; lastKnownFileType = image.png; path = workout.png; sourceTree = "<group>"; };
		679F2C131782BE4B00E7682C /* workout@2x.png */ = {isa = PBXFileReference; lastKnownFileType = image.png; path = "workout@2x.png"; sourceTree = "<group>"; };
		679F2C161782C6E100E7682C /* LITPerson.h */ = {isa = PBXFileReference; fileEncoding = 4; lastKnownFileType = sourcecode.c.h; path = LITPerson.h; sourceTree = "<group>"; };
		679F2C171782C6E100E7682C /* LITPerson.m */ = {isa = PBXFileReference; fileEncoding = 4; lastKnownFileType = sourcecode.c.objc; path = LITPerson.m; sourceTree = "<group>"; };
		679F2C191782C9AF00E7682C /* LITDataManager.h */ = {isa = PBXFileReference; fileEncoding = 4; lastKnownFileType = sourcecode.c.h; path = LITDataManager.h; sourceTree = "<group>"; };
		679F2C1A1782C9AF00E7682C /* LITDataManager.m */ = {isa = PBXFileReference; fileEncoding = 4; lastKnownFileType = sourcecode.c.objc; path = LITDataManager.m; sourceTree = "<group>"; };
		67A77C911790391500D9C1CC /* LITRuffierViewController.h */ = {isa = PBXFileReference; fileEncoding = 4; lastKnownFileType = sourcecode.c.h; path = LITRuffierViewController.h; sourceTree = "<group>"; };
		67A77C921790391500D9C1CC /* LITRuffierViewController.m */ = {isa = PBXFileReference; fileEncoding = 4; lastKnownFileType = sourcecode.c.objc; path = LITRuffierViewController.m; sourceTree = "<group>"; };
		67A77C931790391500D9C1CC /* LITRuffierViewController.xib */ = {isa = PBXFileReference; fileEncoding = 4; lastKnownFileType = file.xib; path = LITRuffierViewController.xib; sourceTree = "<group>"; };
		67A77C971790474500D9C1CC /* daltonism_1.png */ = {isa = PBXFileReference; lastKnownFileType = image.png; path = daltonism_1.png; sourceTree = "<group>"; };
		67A77C981790474500D9C1CC /* daltonism_2.png */ = {isa = PBXFileReference; lastKnownFileType = image.png; path = daltonism_2.png; sourceTree = "<group>"; };
		67A77C991790474500D9C1CC /* daltonism_3.png */ = {isa = PBXFileReference; lastKnownFileType = image.png; path = daltonism_3.png; sourceTree = "<group>"; };
		67A77C9A1790474500D9C1CC /* daltonism_4.png */ = {isa = PBXFileReference; lastKnownFileType = image.png; path = daltonism_4.png; sourceTree = "<group>"; };
		67A77C9B1790474500D9C1CC /* daltonism_5.png */ = {isa = PBXFileReference; lastKnownFileType = image.png; path = daltonism_5.png; sourceTree = "<group>"; };
		67A77C9C1790474500D9C1CC /* daltonism_6.png */ = {isa = PBXFileReference; lastKnownFileType = image.png; path = daltonism_6.png; sourceTree = "<group>"; };
		67A77CA31790475700D9C1CC /* LITDaltonismTestViewController.h */ = {isa = PBXFileReference; fileEncoding = 4; lastKnownFileType = sourcecode.c.h; path = LITDaltonismTestViewController.h; sourceTree = "<group>"; };
		67A77CA41790475700D9C1CC /* LITDaltonismTestViewController.m */ = {isa = PBXFileReference; fileEncoding = 4; lastKnownFileType = sourcecode.c.objc; path = LITDaltonismTestViewController.m; sourceTree = "<group>"; };
		67A77CA51790475700D9C1CC /* LITDaltonismTestViewController.xib */ = {isa = PBXFileReference; fileEncoding = 4; lastKnownFileType = file.xib; path = LITDaltonismTestViewController.xib; sourceTree = "<group>"; };
		67AC890E1781B95000373159 /* LITMedicalDictionaryViewController.h */ = {isa = PBXFileReference; fileEncoding = 4; lastKnownFileType = sourcecode.c.h; path = LITMedicalDictionaryViewController.h; sourceTree = "<group>"; };
		67AC890F1781B95000373159 /* LITMedicalDictionaryViewController.m */ = {isa = PBXFileReference; fileEncoding = 4; lastKnownFileType = sourcecode.c.objc; path = LITMedicalDictionaryViewController.m; sourceTree = "<group>"; };
		67AC89101781B95000373159 /* LITMedicalDictionaryViewController.xib */ = {isa = PBXFileReference; fileEncoding = 4; lastKnownFileType = file.xib; path = LITMedicalDictionaryViewController.xib; sourceTree = "<group>"; };
		67AC89131781B9EA00373159 /* LITAlcoholTestViewController.h */ = {isa = PBXFileReference; fileEncoding = 4; lastKnownFileType = sourcecode.c.h; path = LITAlcoholTestViewController.h; sourceTree = "<group>"; };
		67AC89141781B9EB00373159 /* LITAlcoholTestViewController.m */ = {isa = PBXFileReference; fileEncoding = 4; lastKnownFileType = sourcecode.c.objc; path = LITAlcoholTestViewController.m; sourceTree = "<group>"; };
		67AC89151781B9EB00373159 /* LITAlcoholTestViewController.xib */ = {isa = PBXFileReference; fileEncoding = 4; lastKnownFileType = file.xib; path = LITAlcoholTestViewController.xib; sourceTree = "<group>"; };
		67AC89181781BA8C00373159 /* LITCalorieCalculatorViewController.h */ = {isa = PBXFileReference; fileEncoding = 4; lastKnownFileType = sourcecode.c.h; path = LITCalorieCalculatorViewController.h; sourceTree = "<group>"; };
		67AC89191781BA8D00373159 /* LITCalorieCalculatorViewController.m */ = {isa = PBXFileReference; fileEncoding = 4; lastKnownFileType = sourcecode.c.objc; path = LITCalorieCalculatorViewController.m; sourceTree = "<group>"; };
		67AC891A1781BA8D00373159 /* LITCalorieCalculatorViewController.xib */ = {isa = PBXFileReference; fileEncoding = 4; lastKnownFileType = file.xib; path = LITCalorieCalculatorViewController.xib; sourceTree = "<group>"; };
		67AC891D1781BB3600373159 /* LITSettingsViewController.h */ = {isa = PBXFileReference; fileEncoding = 4; lastKnownFileType = sourcecode.c.h; path = LITSettingsViewController.h; sourceTree = "<group>"; };
		67AC891E1781BB3600373159 /* LITSettingsViewController.m */ = {isa = PBXFileReference; fileEncoding = 4; lastKnownFileType = sourcecode.c.objc; path = LITSettingsViewController.m; sourceTree = "<group>"; };
		67AC891F1781BB3700373159 /* LITSettingsViewController.xib */ = {isa = PBXFileReference; fileEncoding = 4; lastKnownFileType = file.xib; path = LITSettingsViewController.xib; sourceTree = "<group>"; };
		67B0EC1C1784102200ECB143 /* LITConstants.h */ = {isa = PBXFileReference; lastKnownFileType = sourcecode.c.h; path = LITConstants.h; sourceTree = "<group>"; };
		67B0EC1D178435D500ECB143 /* dict.png */ = {isa = PBXFileReference; lastKnownFileType = image.png; path = dict.png; sourceTree = "<group>"; };
		67B0EC1E178435D500ECB143 /* dict@2x.png */ = {isa = PBXFileReference; lastKnownFileType = image.png; path = "dict@2x.png"; sourceTree = "<group>"; };
		67B0EC211784360800ECB143 /* LITFirstAidViewController.h */ = {isa = PBXFileReference; fileEncoding = 4; lastKnownFileType = sourcecode.c.h; path = LITFirstAidViewController.h; sourceTree = "<group>"; };
		67B0EC221784360800ECB143 /* LITFirstAidViewController.m */ = {isa = PBXFileReference; fileEncoding = 4; lastKnownFileType = sourcecode.c.objc; path = LITFirstAidViewController.m; sourceTree = "<group>"; };
		67B0EC231784360800ECB143 /* LITFirstAidViewController.xib */ = {isa = PBXFileReference; fileEncoding = 4; lastKnownFileType = file.xib; path = LITFirstAidViewController.xib; sourceTree = "<group>"; };
/* End PBXFileReference section */

/* Begin PBXFrameworksBuildPhase section */
		677F998B1779A4B800D42449 /* Frameworks */ = {
			isa = PBXFrameworksBuildPhase;
			buildActionMask = 2147483647;
			files = (
				677F99921779A4B900D42449 /* UIKit.framework in Frameworks */,
				677F99941779A4B900D42449 /* Foundation.framework in Frameworks */,
				677F99961779A4B900D42449 /* CoreGraphics.framework in Frameworks */,
			);
			runOnlyForDeploymentPostprocessing = 0;
		};
/* End PBXFrameworksBuildPhase section */

/* Begin PBXGroup section */
		677F99851779A4B800D42449 = {
			isa = PBXGroup;
			children = (
				677F99971779A4B900D42449 /* LITTech */,
				677F99901779A4B900D42449 /* Frameworks */,
				677F998F1779A4B900D42449 /* Products */,
			);
			sourceTree = "<group>";
		};
		677F998F1779A4B900D42449 /* Products */ = {
			isa = PBXGroup;
			children = (
				677F998E1779A4B900D42449 /* LITTech.app */,
			);
			name = Products;
			sourceTree = "<group>";
		};
		677F99901779A4B900D42449 /* Frameworks */ = {
			isa = PBXGroup;
			children = (
				677F99911779A4B900D42449 /* UIKit.framework */,
				677F99931779A4B900D42449 /* Foundation.framework */,
				677F99951779A4B900D42449 /* CoreGraphics.framework */,
			);
			name = Frameworks;
			sourceTree = "<group>";
		};
		677F99971779A4B900D42449 /* LITTech */ = {
			isa = PBXGroup;
			children = (
				677F99EB1779A68A00D42449 /* Classes */,
				677F99CC1779A5ED00D42449 /* Resources */,
				677F99981779A4B900D42449 /* Supporting Files */,
			);
			path = LITTech;
			sourceTree = "<group>";
		};
		677F99981779A4B900D42449 /* Supporting Files */ = {
			isa = PBXGroup;
			children = (
				677F999D1779A4B900D42449 /* main.m */,
				677F999F1779A4B900D42449 /* LITTech-Prefix.pch */,
			);
			name = "Supporting Files";
			sourceTree = "<group>";
		};
		677F99CC1779A5ED00D42449 /* Resources */ = {
			isa = PBXGroup;
			children = (
				677F99CD1779A5ED00D42449 /* InfoPlist.strings */,
				677F99D31779A5ED00D42449 /* Icons */,
				677F99D71779A5ED00D42449 /* Images */,
				677F99DE1779A5ED00D42449 /* LITTech-Info.plist */,
			);
			path = Resources;
			sourceTree = "<group>";
		};
		677F99D31779A5ED00D42449 /* Icons */ = {
			isa = PBXGroup;
			children = (
				677F99D41779A5ED00D42449 /* Default-568h@2x.png */,
				677F99D51779A5ED00D42449 /* Default.png */,
				677F99D61779A5ED00D42449 /* Default@2x.png */,
				679F2C021782B2D000E7682C /* Icon.png */,
				679F2C031782B2D000E7682C /* Icon@2x.png */,
				679F2C041782B2D000E7682C /* icon512x512.png */,
				679F2C051782B2D000E7682C /* icon1024x1024.png */,
			);
			path = Icons;
			sourceTree = "<group>";
		};
		677F99D71779A5ED00D42449 /* Images */ = {
			isa = PBXGroup;
			children = (
				67A77C961790474500D9C1CC /* Daltonism */,
				677F9A061779AC1800D42449 /* Tabbar */,
				6701D633178C9CA200198683 /* downArrowBlack.png */,
				6701D634178C9CA200198683 /* upArrowBlack.png */,
				6703627D178C74EA00836DCE /* meal_large.png */,
				6703627E178C74EA00836DCE /* meal_large@2x.png */,
				670E7BBD178C70E00053BD68 /* workout_large.png */,
				670E7BBE178C70E00053BD68 /* workout_large@2x.png */,
			);
			path = Images;
			sourceTree = "<group>";
		};
		677F99EB1779A68A00D42449 /* Classes */ = {
			isa = PBXGroup;
			children = (
				677F99EE1779A68A00D42449 /* LITAppDelegate.h */,
				677F99EF1779A68A00D42449 /* LITAppDelegate.m */,
				67B0EC1C1784102200ECB143 /* LITConstants.h */,
				677F99EC1779A68A00D42449 /* Categories */,
				677F99ED1779A68A00D42449 /* DataModel */,
				677F99F41779A68A00D42449 /* Managers */,
				677F99F51779A68A00D42449 /* MVC */,
			);
			path = Classes;
			sourceTree = "<group>";
		};
		677F99EC1779A68A00D42449 /* Categories */ = {
			isa = PBXGroup;
			children = (
			);
			path = Categories;
			sourceTree = "<group>";
		};
		677F99ED1779A68A00D42449 /* DataModel */ = {
			isa = PBXGroup;
			children = (
				679F2C161782C6E100E7682C /* LITPerson.h */,
				679F2C171782C6E100E7682C /* LITPerson.m */,
				6701D627178C8F3C00198683 /* LITEvent.h */,
				6701D628178C8F3C00198683 /* LITEvent.m */,
			);
			path = DataModel;
			sourceTree = "<group>";
		};
		677F99F41779A68A00D42449 /* Managers */ = {
			isa = PBXGroup;
			children = (
				679F2C191782C9AF00E7682C /* LITDataManager.h */,
				679F2C1A1782C9AF00E7682C /* LITDataManager.m */,
				6703628B178C766100836DCE /* LITPersonManager.h */,
				6703628C178C766100836DCE /* LITPersonManager.m */,
			);
			path = Managers;
			sourceTree = "<group>";
		};
		677F99F51779A68A00D42449 /* MVC */ = {
			isa = PBXGroup;
			children = (
				677F99F61779A68A00D42449 /* Controller */,
				677F99F71779A68A00D42449 /* Model */,
				677F99F81779A68A00D42449 /* View */,
			);
			path = MVC;
			sourceTree = "<group>";
		};
		677F99F61779A68A00D42449 /* Controller */ = {
			isa = PBXGroup;
			children = (
				677F99FC1779A6A900D42449 /* LITBaseViewController.h */,
				677F99FD1779A6A900D42449 /* LITBaseViewController.m */,
				677F9A011779A74100D42449 /* LITPersonalFileViewController.h */,
				677F9A021779A74100D42449 /* LITPersonalFileViewController.m */,
				677F9A031779A74100D42449 /* LITPersonalFileViewController.xib */,
				67AC890E1781B95000373159 /* LITMedicalDictionaryViewController.h */,
				67AC890F1781B95000373159 /* LITMedicalDictionaryViewController.m */,
				67AC89101781B95000373159 /* LITMedicalDictionaryViewController.xib */,
				67AC89131781B9EA00373159 /* LITAlcoholTestViewController.h */,
				67AC89141781B9EB00373159 /* LITAlcoholTestViewController.m */,
				67AC89151781B9EB00373159 /* LITAlcoholTestViewController.xib */,
				67AC89181781BA8C00373159 /* LITCalorieCalculatorViewController.h */,
				67AC89191781BA8D00373159 /* LITCalorieCalculatorViewController.m */,
				67AC891A1781BA8D00373159 /* LITCalorieCalculatorViewController.xib */,
				67AC891D1781BB3600373159 /* LITSettingsViewController.h */,
				67AC891E1781BB3600373159 /* LITSettingsViewController.m */,
				67AC891F1781BB3700373159 /* LITSettingsViewController.xib */,
				67855BB61782CFF700DA05C1 /* LITEditPersonViewController.h */,
				67855BB71782CFF700DA05C1 /* LITEditPersonViewController.m */,
				67855BB81782CFF700DA05C1 /* LITEditPersonViewController.xib */,
				67B0EC211784360800ECB143 /* LITFirstAidViewController.h */,
				67B0EC221784360800ECB143 /* LITFirstAidViewController.m */,
				67B0EC231784360800ECB143 /* LITFirstAidViewController.xib */,
				67036281178C75FE00836DCE /* LITAddWorkoutViewController.h */,
				67036282178C75FE00836DCE /* LITAddWorkoutViewController.m */,
				67036283178C75FE00836DCE /* LITAddWorkoutViewController.xib */,
				67036286178C763300836DCE /* LITAddMealViewController.h */,
				67036287178C763300836DCE /* LITAddMealViewController.m */,
				67036288178C763300836DCE /* LITAddMealViewController.xib */,
				67A77C911790391500D9C1CC /* LITRuffierViewController.h */,
				67A77C921790391500D9C1CC /* LITRuffierViewController.m */,
				67A77C931790391500D9C1CC /* LITRuffierViewController.xib */,
				67A77CA31790475700D9C1CC /* LITDaltonismTestViewController.h */,
				67A77CA41790475700D9C1CC /* LITDaltonismTestViewController.m */,
				67A77CA51790475700D9C1CC /* LITDaltonismTestViewController.xib */,
			);
			path = Controller;
			sourceTree = "<group>";
		};
		677F99F71779A68A00D42449 /* Model */ = {
			isa = PBXGroup;
			children = (
			);
			path = Model;
			sourceTree = "<group>";
		};
		677F99F81779A68A00D42449 /* View */ = {
			isa = PBXGroup;
			children = (
				67855BBB1782D41900DA05C1 /* LITInputTableViewCell.h */,
				67855BBC1782D41900DA05C1 /* LITInputTableViewCell.m */,
			);
			path = View;
			sourceTree = "<group>";
		};
		677F9A061779AC1800D42449 /* Tabbar */ = {
			isa = PBXGroup;
			children = (
				677F9A071779AC1800D42449 /* alcohol.png */,
				677F9A081779AC1800D42449 /* alcohol@2x.png */,
				677F9A091779AC1800D42449 /* caloric_scale.png */,
				677F9A0A1779AC1800D42449 /* caloric_scale@2x.png */,
				67B0EC1D178435D500ECB143 /* dict.png */,
				67B0EC1E178435D500ECB143 /* dict@2x.png */,
				679F2C0E1782BC9E00E7682C /* meal.png */,
				679F2C0F1782BC9E00E7682C /* meal@2x.png */,
				677F9A0B1779AC1800D42449 /* med_dex.png */,
				677F9A0C1779AC1800D42449 /* med_dex@2x.png */,
				677F9A0D1779AC1800D42449 /* personal_file.png */,
				677F9A0E1779AC1800D42449 /* personal_file@2x.png */,
				677F9A0F1779AC1800D42449 /* settings.png */,
				677F9A101779AC1800D42449 /* settings@2x.png */,
				679F2C121782BE4B00E7682C /* workout.png */,
				679F2C131782BE4B00E7682C /* workout@2x.png */,
			);
			path = Tabbar;
			sourceTree = "<group>";
		};
		67A77C961790474500D9C1CC /* Daltonism */ = {
			isa = PBXGroup;
			children = (
				67A77C971790474500D9C1CC /* daltonism_1.png */,
				67A77C981790474500D9C1CC /* daltonism_2.png */,
				67A77C991790474500D9C1CC /* daltonism_3.png */,
				67A77C9A1790474500D9C1CC /* daltonism_4.png */,
				67A77C9B1790474500D9C1CC /* daltonism_5.png */,
				67A77C9C1790474500D9C1CC /* daltonism_6.png */,
			);
			path = Daltonism;
			sourceTree = "<group>";
		};
/* End PBXGroup section */

/* Begin PBXNativeTarget section */
		677F998D1779A4B800D42449 /* LITTech */ = {
			isa = PBXNativeTarget;
			buildConfigurationList = 677F99BF1779A4B900D42449 /* Build configuration list for PBXNativeTarget "LITTech" */;
			buildPhases = (
				677F998A1779A4B800D42449 /* Sources */,
				677F998B1779A4B800D42449 /* Frameworks */,
				677F998C1779A4B800D42449 /* Resources */,
			);
			buildRules = (
			);
			dependencies = (
			);
			name = LITTech;
			productName = LITTech;
			productReference = 677F998E1779A4B900D42449 /* LITTech.app */;
			productType = "com.apple.product-type.application";
		};
/* End PBXNativeTarget section */

/* Begin PBXProject section */
		677F99861779A4B800D42449 /* Project object */ = {
			isa = PBXProject;
			attributes = {
				CLASSPREFIX = LIT;
				LastUpgradeCheck = 0460;
				ORGANIZATIONNAME = "Bogdan Poplauschi";
			};
			buildConfigurationList = 677F99891779A4B800D42449 /* Build configuration list for PBXProject "LITTech" */;
			compatibilityVersion = "Xcode 3.2";
			developmentRegion = English;
			hasScannedForEncodings = 0;
			knownRegions = (
				en,
			);
			mainGroup = 677F99851779A4B800D42449;
			productRefGroup = 677F998F1779A4B900D42449 /* Products */;
			projectDirPath = "";
			projectRoot = "";
			targets = (
				677F998D1779A4B800D42449 /* LITTech */,
			);
		};
/* End PBXProject section */

/* Begin PBXResourcesBuildPhase section */
		677F998C1779A4B800D42449 /* Resources */ = {
			isa = PBXResourcesBuildPhase;
			buildActionMask = 2147483647;
			files = (
				677F99DF1779A5ED00D42449 /* InfoPlist.strings in Resources */,
				677F99E21779A5ED00D42449 /* Default-568h@2x.png in Resources */,
				677F99E31779A5ED00D42449 /* Default.png in Resources */,
				677F99E41779A5ED00D42449 /* Default@2x.png in Resources */,
				677F9A051779A74100D42449 /* LITPersonalFileViewController.xib in Resources */,
				677F9A111779AC1800D42449 /* alcohol.png in Resources */,
				677F9A121779AC1800D42449 /* alcohol@2x.png in Resources */,
				677F9A131779AC1800D42449 /* caloric_scale.png in Resources */,
				677F9A141779AC1800D42449 /* caloric_scale@2x.png in Resources */,
				677F9A151779AC1800D42449 /* med_dex.png in Resources */,
				677F9A161779AC1800D42449 /* med_dex@2x.png in Resources */,
				677F9A171779AC1800D42449 /* personal_file.png in Resources */,
				677F9A181779AC1800D42449 /* personal_file@2x.png in Resources */,
				677F9A191779AC1800D42449 /* settings.png in Resources */,
				677F9A1A1779AC1800D42449 /* settings@2x.png in Resources */,
				67AC89121781B95100373159 /* LITMedicalDictionaryViewController.xib in Resources */,
				67AC89171781B9EB00373159 /* LITAlcoholTestViewController.xib in Resources */,
				67AC891C1781BA8D00373159 /* LITCalorieCalculatorViewController.xib in Resources */,
				67AC89211781BB3800373159 /* LITSettingsViewController.xib in Resources */,
				679F2C061782B2D000E7682C /* Icon.png in Resources */,
				679F2C071782B2D000E7682C /* Icon@2x.png in Resources */,
				679F2C081782B2D000E7682C /* icon512x512.png in Resources */,
				679F2C091782B2D000E7682C /* icon1024x1024.png in Resources */,
				679F2C101782BC9E00E7682C /* meal.png in Resources */,
				679F2C111782BC9E00E7682C /* meal@2x.png in Resources */,
				679F2C141782BE4B00E7682C /* workout.png in Resources */,
				679F2C151782BE4B00E7682C /* workout@2x.png in Resources */,
				67855BBA1782CFF700DA05C1 /* LITEditPersonViewController.xib in Resources */,
				67B0EC1F178435D500ECB143 /* dict.png in Resources */,
				67B0EC20178435D500ECB143 /* dict@2x.png in Resources */,
				67B0EC251784360900ECB143 /* LITFirstAidViewController.xib in Resources */,
				670E7BC1178C70E00053BD68 /* workout_large.png in Resources */,
				670E7BC2178C70E00053BD68 /* workout_large@2x.png in Resources */,
				6703627F178C74EA00836DCE /* meal_large.png in Resources */,
				67036280178C74EA00836DCE /* meal_large@2x.png in Resources */,
				67036285178C75FE00836DCE /* LITAddWorkoutViewController.xib in Resources */,
				6703628A178C763400836DCE /* LITAddMealViewController.xib in Resources */,
				6701D635178C9CA200198683 /* downArrowBlack.png in Resources */,
				6701D636178C9CA200198683 /* upArrowBlack.png in Resources */,
				67A77C951790391500D9C1CC /* LITRuffierViewController.xib in Resources */,
				67A77C9D1790474500D9C1CC /* daltonism_1.png in Resources */,
				67A77C9E1790474500D9C1CC /* daltonism_2.png in Resources */,
				67A77C9F1790474500D9C1CC /* daltonism_3.png in Resources */,
				67A77CA01790474500D9C1CC /* daltonism_4.png in Resources */,
				67A77CA11790474500D9C1CC /* daltonism_5.png in Resources */,
				67A77CA21790474500D9C1CC /* daltonism_6.png in Resources */,
				67A77CA71790475700D9C1CC /* LITDaltonismTestViewController.xib in Resources */,
			);
			runOnlyForDeploymentPostprocessing = 0;
		};
/* End PBXResourcesBuildPhase section */

/* Begin PBXSourcesBuildPhase section */
		677F998A1779A4B800D42449 /* Sources */ = {
			isa = PBXSourcesBuildPhase;
			buildActionMask = 2147483647;
			files = (
				677F999E1779A4B900D42449 /* main.m in Sources */,
				677F99F91779A68A00D42449 /* LITAppDelegate.m in Sources */,
				677F99FE1779A6A900D42449 /* LITBaseViewController.m in Sources */,
				677F9A041779A74100D42449 /* LITPersonalFileViewController.m in Sources */,
				67AC89111781B95100373159 /* LITMedicalDictionaryViewController.m in Sources */,
				67AC89161781B9EB00373159 /* LITAlcoholTestViewController.m in Sources */,
				67AC891B1781BA8D00373159 /* LITCalorieCalculatorViewController.m in Sources */,
				67AC89201781BB3800373159 /* LITSettingsViewController.m in Sources */,
				679F2C181782C6E100E7682C /* LITPerson.m in Sources */,
				679F2C1B1782C9AF00E7682C /* LITDataManager.m in Sources */,
				67855BB91782CFF700DA05C1 /* LITEditPersonViewController.m in Sources */,
				67855BBD1782D41900DA05C1 /* LITInputTableViewCell.m in Sources */,
				67B0EC241784360900ECB143 /* LITFirstAidViewController.m in Sources */,
				67036284178C75FE00836DCE /* LITAddWorkoutViewController.m in Sources */,
				67036289178C763400836DCE /* LITAddMealViewController.m in Sources */,
				6703628D178C766100836DCE /* LITPersonManager.m in Sources */,
				6701D629178C8F3C00198683 /* LITEvent.m in Sources */,
				67A77C941790391500D9C1CC /* LITRuffierViewController.m in Sources */,
				67A77CA61790475700D9C1CC /* LITDaltonismTestViewController.m in Sources */,
			);
			runOnlyForDeploymentPostprocessing = 0;
		};
/* End PBXSourcesBuildPhase section */

/* Begin PBXVariantGroup section */
		677F99CD1779A5ED00D42449 /* InfoPlist.strings */ = {
			isa = PBXVariantGroup;
			children = (
				677F99CE1779A5ED00D42449 /* en */,
			);
			name = InfoPlist.strings;
			sourceTree = "<group>";
		};
/* End PBXVariantGroup section */

/* Begin XCBuildConfiguration section */
		677F99BD1779A4B900D42449 /* Debug */ = {
			isa = XCBuildConfiguration;
			buildSettings = {
				ALWAYS_SEARCH_USER_PATHS = NO;
				CLANG_CXX_LANGUAGE_STANDARD = "gnu++0x";
				CLANG_CXX_LIBRARY = "libc++";
				CLANG_ENABLE_OBJC_ARC = YES;
				CLANG_WARN_CONSTANT_CONVERSION = YES;
				CLANG_WARN_EMPTY_BODY = YES;
				CLANG_WARN_ENUM_CONVERSION = YES;
				CLANG_WARN_INT_CONVERSION = YES;
				CLANG_WARN__DUPLICATE_METHOD_MATCH = YES;
				COPY_PHASE_STRIP = NO;
				GCC_C_LANGUAGE_STANDARD = gnu99;
				GCC_DYNAMIC_NO_PIC = NO;
				GCC_OPTIMIZATION_LEVEL = 0;
				GCC_PREPROCESSOR_DEFINITIONS = (
					"DEBUG=1",
					"$(inherited)",
				);
				GCC_SYMBOLS_PRIVATE_EXTERN = NO;
				GCC_WARN_ABOUT_RETURN_TYPE = YES;
				GCC_WARN_UNINITIALIZED_AUTOS = YES;
				GCC_WARN_UNUSED_VARIABLE = YES;
				IPHONEOS_DEPLOYMENT_TARGET = 5.1;
				ONLY_ACTIVE_ARCH = YES;
				SDKROOT = iphoneos;
			};
			name = Debug;
		};
		677F99BE1779A4B900D42449 /* Release */ = {
			isa = XCBuildConfiguration;
			buildSettings = {
				ALWAYS_SEARCH_USER_PATHS = NO;
				CLANG_CXX_LANGUAGE_STANDARD = "gnu++0x";
				CLANG_CXX_LIBRARY = "libc++";
				CLANG_ENABLE_OBJC_ARC = YES;
				CLANG_WARN_CONSTANT_CONVERSION = YES;
				CLANG_WARN_EMPTY_BODY = YES;
				CLANG_WARN_ENUM_CONVERSION = YES;
				CLANG_WARN_INT_CONVERSION = YES;
				CLANG_WARN__DUPLICATE_METHOD_MATCH = YES;
				"CODE_SIGN_IDENTITY[sdk=iphoneos*]" = "iPhone Developer";
				COPY_PHASE_STRIP = YES;
				GCC_C_LANGUAGE_STANDARD = gnu99;
				GCC_WARN_ABOUT_RETURN_TYPE = YES;
				GCC_WARN_UNINITIALIZED_AUTOS = YES;
				GCC_WARN_UNUSED_VARIABLE = YES;
				IPHONEOS_DEPLOYMENT_TARGET = 5.1;
				OTHER_CFLAGS = "-DNS_BLOCK_ASSERTIONS=1";
				SDKROOT = iphoneos;
				VALIDATE_PRODUCT = YES;
			};
			name = Release;
		};
		677F99C01779A4B900D42449 /* Debug */ = {
			isa = XCBuildConfiguration;
			buildSettings = {
				GCC_PRECOMPILE_PREFIX_HEADER = YES;
				GCC_PREFIX_HEADER = "LITTech/LITTech-Prefix.pch";
				INFOPLIST_FILE = "$(SRCROOT)/LITTech/Resources/LITTech-Info.plist";
				PRODUCT_NAME = "$(TARGET_NAME)";
				WRAPPER_EXTENSION = app;
			};
			name = Debug;
		};
		677F99C11779A4B900D42449 /* Release */ = {
			isa = XCBuildConfiguration;
			buildSettings = {
				GCC_PRECOMPILE_PREFIX_HEADER = YES;
				GCC_PREFIX_HEADER = "LITTech/LITTech-Prefix.pch";
				INFOPLIST_FILE = "$(SRCROOT)/LITTech/Resources/LITTech-Info.plist";
				PRODUCT_NAME = "$(TARGET_NAME)";
				WRAPPER_EXTENSION = app;
			};
			name = Release;
		};
		67B546851789F30600A6375D /* AdHoc */ = {
			isa = XCBuildConfiguration;
			buildSettings = {
				ALWAYS_SEARCH_USER_PATHS = NO;
				CLANG_CXX_LANGUAGE_STANDARD = "gnu++0x";
				CLANG_CXX_LIBRARY = "libc++";
				CLANG_ENABLE_OBJC_ARC = YES;
				CLANG_WARN_CONSTANT_CONVERSION = YES;
				CLANG_WARN_EMPTY_BODY = YES;
				CLANG_WARN_ENUM_CONVERSION = YES;
				CLANG_WARN_INT_CONVERSION = YES;
				CLANG_WARN__DUPLICATE_METHOD_MATCH = YES;
				CODE_SIGN_IDENTITY = "iPhone Distribution";
				COPY_PHASE_STRIP = YES;
				GCC_C_LANGUAGE_STANDARD = gnu99;
				GCC_WARN_ABOUT_RETURN_TYPE = YES;
				GCC_WARN_UNINITIALIZED_AUTOS = YES;
				GCC_WARN_UNUSED_VARIABLE = YES;
				IPHONEOS_DEPLOYMENT_TARGET = 5.1;
				OTHER_CFLAGS = "-DNS_BLOCK_ASSERTIONS=1";
				PROVISIONING_PROFILE = "";
				SDKROOT = iphoneos;
				VALIDATE_PRODUCT = YES;
			};
			name = AdHoc;
		};
		67B546861789F30600A6375D /* AdHoc */ = {
			isa = XCBuildConfiguration;
			buildSettings = {
				GCC_PRECOMPILE_PREFIX_HEADER = YES;
				GCC_PREFIX_HEADER = "LITTech/LITTech-Prefix.pch";
				INFOPLIST_FILE = "$(SRCROOT)/LITTech/Resources/LITTech-Info.plist";
				PRODUCT_NAME = "$(TARGET_NAME)";
				WRAPPER_EXTENSION = app;
			};
			name = AdHoc;
		};
		67B546871789F30B00A6375D /* AppStore */ = {
			isa = XCBuildConfiguration;
			buildSettings = {
				ALWAYS_SEARCH_USER_PATHS = NO;
				CLANG_CXX_LANGUAGE_STANDARD = "gnu++0x";
				CLANG_CXX_LIBRARY = "libc++";
				CLANG_ENABLE_OBJC_ARC = YES;
				CLANG_WARN_CONSTANT_CONVERSION = YES;
				CLANG_WARN_EMPTY_BODY = YES;
				CLANG_WARN_ENUM_CONVERSION = YES;
				CLANG_WARN_INT_CONVERSION = YES;
				CLANG_WARN__DUPLICATE_METHOD_MATCH = YES;
				CODE_SIGN_IDENTITY = "iPhone Distribution";
				"CODE_SIGN_IDENTITY[sdk=iphoneos*]" = "iPhone Developer";
				COPY_PHASE_STRIP = YES;
				GCC_C_LANGUAGE_STANDARD = gnu99;
				GCC_WARN_ABOUT_RETURN_TYPE = YES;
				GCC_WARN_UNINITIALIZED_AUTOS = YES;
				GCC_WARN_UNUSED_VARIABLE = YES;
				IPHONEOS_DEPLOYMENT_TARGET = 5.1;
				OTHER_CFLAGS = "-DNS_BLOCK_ASSERTIONS=1";
				PROVISIONING_PROFILE = "";
				SDKROOT = iphoneos;
				VALIDATE_PRODUCT = YES;
			};
			name = AppStore;
		};
		67B546881789F30B00A6375D /* AppStore */ = {
			isa = XCBuildConfiguration;
			buildSettings = {
				GCC_PRECOMPILE_PREFIX_HEADER = YES;
				GCC_PREFIX_HEADER = "LITTech/LITTech-Prefix.pch";
				INFOPLIST_FILE = "$(SRCROOT)/LITTech/Resources/LITTech-Info.plist";
				PRODUCT_NAME = "$(TARGET_NAME)";
				WRAPPER_EXTENSION = app;
			};
			name = AppStore;
		};
/* End XCBuildConfiguration section */

/* Begin XCConfigurationList section */
		677F99891779A4B800D42449 /* Build configuration list for PBXProject "LITTech" */ = {
			isa = XCConfigurationList;
			buildConfigurations = (
				677F99BD1779A4B900D42449 /* Debug */,
				677F99BE1779A4B900D42449 /* Release */,
				67B546851789F30600A6375D /* AdHoc */,
				67B546871789F30B00A6375D /* AppStore */,
			);
			defaultConfigurationIsVisible = 0;
			defaultConfigurationName = Release;
		};
		677F99BF1779A4B900D42449 /* Build configuration list for PBXNativeTarget "LITTech" */ = {
			isa = XCConfigurationList;
			buildConfigurations = (
				677F99C01779A4B900D42449 /* Debug */,
				677F99C11779A4B900D42449 /* Release */,
				67B546861789F30600A6375D /* AdHoc */,
				67B546881789F30B00A6375D /* AppStore */,
			);
			defaultConfigurationIsVisible = 0;
			defaultConfigurationName = Release;
		};
/* End XCConfigurationList section */
	};
	rootObject = 677F99861779A4B800D42449 /* Project object */;
}
